
Microsoft Visual Studio Solution File, Format Version 12.00
# Visual Studio 2013
VisualStudioVersion = 12.0.31101.0
MinimumVisualStudioVersion = 10.0.40219.1
Project("{FAE04EC0-301F-11D3-BF4B-00C04F79EFBC}") = "otelotomasyon", "otelotomasyon\otelotomasyon.csproj", "{B4642629-D4FE-4A8B-9FB4-B756A216B1DC}"
EndProject
Global
	GlobalSection(SolutionConfigurationPlatforms) = preSolution
		Debug|Any CPU = Debug|Any CPU
		Release|Any CPU = Release|Any CPU
	EndGlobalSection
	GlobalSection(ProjectConfigurationPlatforms) = postSolution
		{B4642629-D4FE-4A8B-9FB4-B756A216B1DC}.Debug|Any CPU.ActiveCfg = Debug|Any CPU
		{B4642629-D4FE-4A8B-9FB4-B756A216B1DC}.Debug|Any CPU.Build.0 = Debug|Any CPU
		{B4642629-D4FE-4A8B-9FB4-B756A216B1DC}.Release|Any CPU.ActiveCfg = Release|Any CPU
		{B4642629-D4FE-4A8B-9FB4-B756A216B1DC}.Release|Any CPU.Build.0 = Release|Any CPU
	EndGlobalSection
	GlobalSection(SolutionProperties) = preSolution
		HideSolutionNode = FALSE
	EndGlobalSection
EndGlobal
